
Microsoft Visual Studio Solution File, Format Version 12.00
# Visual Studio Version 17
VisualStudioVersion = 17.5.33530.505
MinimumVisualStudioVersion = 10.0.40219.1
Project("{FAE04EC0-301F-11D3-BF4B-00C04F79EFBC}") = "P23525052023Classwork", "P23525052023Classwork\P23525052023Classwork.csproj", "{3DF569F0-661F-41B7-99D4-9A689EAE2914}"
EndProject
Global
	GlobalSection(SolutionConfigurationPlatforms) = preSolution
		Debug|Any CPU = Debug|Any CPU
		Release|Any CPU = Release|Any CPU
	EndGlobalSection
	GlobalSection(ProjectConfigurationPlatforms) = postSolution
		{3DF569F0-661F-41B7-99D4-9A689EAE2914}.Debug|Any CPU.ActiveCfg = Debug|Any CPU
		{3DF569F0-661F-41B7-99D4-9A689EAE2914}.Debug|Any CPU.Build.0 = Debug|Any CPU
		{3DF569F0-661F-41B7-99D4-9A689EAE2914}.Release|Any CPU.ActiveCfg = Release|Any CPU
		{3DF569F0-661F-41B7-99D4-9A689EAE2914}.Release|Any CPU.Build.0 = Release|Any CPU
	EndGlobalSection
	GlobalSection(SolutionProperties) = preSolution
		HideSolutionNode = FALSE
	EndGlobalSection
	GlobalSection(ExtensibilityGlobals) = postSolution
		SolutionGuid = {DC3B5261-84CF-4F81-A03C-A154ED548A51}
	EndGlobalSection
EndGlobal
